
Microsoft Visual Studio Solution File, Format Version 12.00
# Visual Studio Version 16
VisualStudioVersion = 16.0.28922.388
MinimumVisualStudioVersion = 10.0.40219.1
Project("{9A19103F-16F7-4668-BE54-9A1E7A4F7556}") = "Commerce.Amazon.Domain", "Commerce.Amazon.Domain\Commerce.Amazon.Domain.csproj", "{49EDDEF2-79E3-40F9-82EE-1EAB7C2F432C}"
EndProject
Project("{9A19103F-16F7-4668-BE54-9A1E7A4F7556}") = "Commerce.Amazon.Web", "Commerce.Amazon.Web\Commerce.Amazon.Web.csproj", "{8D237869-A964-4A52-B750-76FAC7BF3CF1}"
EndProject
Project("{9A19103F-16F7-4668-BE54-9A1E7A4F7556}") = "Commerce.Amazon.Engine", "Commerce.Amazon.Engine\Commerce.Amazon.Engine.csproj", "{E96E527A-8BBD-414C-82E9-B522ADF318D9}"
EndProject
Project("{FAE04EC0-301F-11D3-BF4B-00C04F79EFBC}") = "Commerce.Amazon.Infrastructure", "Commerce.Amazon.Infrastructure\Commerce.Amazon.Infrastructure.csproj", "{966C2B70-BC5B-4C3E-A7BF-9D392D97AFD9}"
EndProject
Project("{9A19103F-16F7-4668-BE54-9A1E7A4F7556}") = "Commerce.Amazon.Tools", "Commerce.Amazon.Tools\Commerce.Amazon.Tools.csproj", "{E9C5CE21-B538-4D3F-B614-D3C098C2ACA4}"
EndProject
Global
	GlobalSection(SolutionConfigurationPlatforms) = preSolution
		Debug|Any CPU = Debug|Any CPU
		Release|Any CPU = Release|Any CPU
	EndGlobalSection
	GlobalSection(ProjectConfigurationPlatforms) = postSolution
		{49EDDEF2-79E3-40F9-82EE-1EAB7C2F432C}.Debug|Any CPU.ActiveCfg = Debug|Any CPU
		{49EDDEF2-79E3-40F9-82EE-1EAB7C2F432C}.Debug|Any CPU.Build.0 = Debug|Any CPU
		{49EDDEF2-79E3-40F9-82EE-1EAB7C2F432C}.Release|Any CPU.ActiveCfg = Release|Any CPU
		{49EDDEF2-79E3-40F9-82EE-1EAB7C2F432C}.Release|Any CPU.Build.0 = Release|Any CPU
		{8D237869-A964-4A52-B750-76FAC7BF3CF1}.Debug|Any CPU.ActiveCfg = Debug|Any CPU
		{8D237869-A964-4A52-B750-76FAC7BF3CF1}.Debug|Any CPU.Build.0 = Debug|Any CPU
		{8D237869-A964-4A52-B750-76FAC7BF3CF1}.Release|Any CPU.ActiveCfg = Release|Any CPU
		{8D237869-A964-4A52-B750-76FAC7BF3CF1}.Release|Any CPU.Build.0 = Release|Any CPU
		{E96E527A-8BBD-414C-82E9-B522ADF318D9}.Debug|Any CPU.ActiveCfg = Debug|Any CPU
		{E96E527A-8BBD-414C-82E9-B522ADF318D9}.Debug|Any CPU.Build.0 = Debug|Any CPU
		{E96E527A-8BBD-414C-82E9-B522ADF318D9}.Release|Any CPU.ActiveCfg = Release|Any CPU
		{E96E527A-8BBD-414C-82E9-B522ADF318D9}.Release|Any CPU.Build.0 = Release|Any CPU
		{966C2B70-BC5B-4C3E-A7BF-9D392D97AFD9}.Debug|Any CPU.ActiveCfg = Debug|Any CPU
		{966C2B70-BC5B-4C3E-A7BF-9D392D97AFD9}.Debug|Any CPU.Build.0 = Debug|Any CPU
		{966C2B70-BC5B-4C3E-A7BF-9D392D97AFD9}.Release|Any CPU.ActiveCfg = Release|Any CPU
		{966C2B70-BC5B-4C3E-A7BF-9D392D97AFD9}.Release|Any CPU.Build.0 = Release|Any CPU
		{E9C5CE21-B538-4D3F-B614-D3C098C2ACA4}.Debug|Any CPU.ActiveCfg = Debug|Any CPU
		{E9C5CE21-B538-4D3F-B614-D3C098C2ACA4}.Debug|Any CPU.Build.0 = Debug|Any CPU
		{E9C5CE21-B538-4D3F-B614-D3C098C2ACA4}.Release|Any CPU.ActiveCfg = Release|Any CPU
		{E9C5CE21-B538-4D3F-B614-D3C098C2ACA4}.Release|Any CPU.Build.0 = Release|Any CPU
	EndGlobalSection
	GlobalSection(SolutionProperties) = preSolution
		HideSolutionNode = FALSE
	EndGlobalSection
	GlobalSection(ExtensibilityGlobals) = postSolution
		SolutionGuid = {A6475BFE-2FED-43A9-B96F-DC6D6B7018E5}
	EndGlobalSection
EndGlobal
